{
  "object": {
    "pins": [
      {
        "package": "Bond",
        "repositoryURL": "https://github.com/DeclarativeHub/Bond",
        "state": {
          "branch": null,
          "revision": "f89bb719065848f976999daa6ae71fca39df010e",
          "version": "7.7.1"
        }
      },
      {
        "package": "Differ",
        "repositoryURL": "https://github.com/tonyarnold/Differ.git",
        "state": {
          "branch": null,
          "revision": "4c3eb4d76ad5c14075829397a5741b0badb08dce",
          "version": "1.4.5"
        }
      },
      {
        "package": "ReactiveKit",
        "repositoryURL": "https://github.com/DeclarativeHub/ReactiveKit",
        "state": {
          "branch": null,
          "revision": "a4bd85f5d17c44772f1914a1aa445a4c7794e489",
          "version": "3.17.1"
        }
      },
      {
        "package": "ResultConvertible",
        "repositoryURL": "https://github.com/cuzv/ResultConvertible",
        "state": {
          "branch": "master",
          "revision": "fc9361d8100f2eb0ae220cd983a8da67c01f4e56",
          "version": null
        }
      }
    ]
  },
  "version": 1
}
